
Microsoft Visual Studio Solution File, Format Version 12.00
# Visual Studio 14
VisualStudioVersion = 14.0.23107.0
MinimumVisualStudioVersion = 10.0.40219.1
Project("{FAE04EC0-301F-11D3-BF4B-00C04F79EFBC}") = "PennyStoper.Droid", "PennyStoper\PennyStoper.Droid\PennyStoper.Droid.csproj", "{9D4917A4-0106-44BF-97C1-D13606B5F5DB}"
EndProject
Project("{FAE04EC0-301F-11D3-BF4B-00C04F79EFBC}") = "PennyStoper.iOS", "PennyStoper\PennyStoper.iOS\PennyStoper.iOS.csproj", "{D6C20459-0179-496D-96B7-7C2E33733DBE}"
EndProject
Project("{FAE04EC0-301F-11D3-BF4B-00C04F79EFBC}") = "PennyStoper.WinPhone", "PennyStoper\PennyStoper.WinPhone\PennyStoper.WinPhone.csproj", "{C3EA3BD6-F90C-4765-B1A6-5D2988C4E7FF}"
EndProject
Project("{FAE04EC0-301F-11D3-BF4B-00C04F79EFBC}") = "PennyStoper.UWP", "PennyStoper\PennyStoper.UWP\PennyStoper.UWP.csproj", "{71AB6CB1-F555-4F57-8D2D-6A5C3F7EBD8B}"
EndProject
Project("{FAE04EC0-301F-11D3-BF4B-00C04F79EFBC}") = "PennyStoper.Windows", "PennyStoper\PennyStoper.Windows\PennyStoper.Windows.csproj", "{37940BE0-92D0-4855-97C6-DFDC107E89EF}"
EndProject
Project("{FAE04EC0-301F-11D3-BF4B-00C04F79EFBC}") = "PennyStoper", "PennyStoper\PennyStoper\PennyStoper.csproj", "{DF23E754-1D81-431B-8FDD-CDC74D632928}"
EndProject
Global
	GlobalSection(SolutionConfigurationPlatforms) = preSolution
		Ad-Hoc|Any CPU = Ad-Hoc|Any CPU
		Ad-Hoc|ARM = Ad-Hoc|ARM
		Ad-Hoc|iPhone = Ad-Hoc|iPhone
		Ad-Hoc|iPhoneSimulator = Ad-Hoc|iPhoneSimulator
		Ad-Hoc|x64 = Ad-Hoc|x64
		Ad-Hoc|x86 = Ad-Hoc|x86
		AppStore|Any CPU = AppStore|Any CPU
		AppStore|ARM = AppStore|ARM
		AppStore|iPhone = AppStore|iPhone
		AppStore|iPhoneSimulator = AppStore|iPhoneSimulator
		AppStore|x64 = AppStore|x64
		AppStore|x86 = AppStore|x86
		Debug|Any CPU = Debug|Any CPU
		Debug|ARM = Debug|ARM
		Debug|iPhone = Debug|iPhone
		Debug|iPhoneSimulator = Debug|iPhoneSimulator
		Debug|x64 = Debug|x64
		Debug|x86 = Debug|x86
		Release|Any CPU = Release|Any CPU
		Release|ARM = Release|ARM
		Release|iPhone = Release|iPhone
		Release|iPhoneSimulator = Release|iPhoneSimulator
		Release|x64 = Release|x64
		Release|x86 = Release|x86
	EndGlobalSection
	GlobalSection(ProjectConfigurationPlatforms) = postSolution
		{9D4917A4-0106-44BF-97C1-D13606B5F5DB}.Ad-Hoc|Any CPU.ActiveCfg = Release|Any CPU
		{9D4917A4-0106-44BF-97C1-D13606B5F5DB}.Ad-Hoc|Any CPU.Build.0 = Release|Any CPU
		{9D4917A4-0106-44BF-97C1-D13606B5F5DB}.Ad-Hoc|Any CPU.Deploy.0 = Release|Any CPU
		{9D4917A4-0106-44BF-97C1-D13606B5F5DB}.Ad-Hoc|ARM.ActiveCfg = Release|Any CPU
		{9D4917A4-0106-44BF-97C1-D13606B5F5DB}.Ad-Hoc|ARM.Build.0 = Release|Any CPU
		{9D4917A4-0106-44BF-97C1-D13606B5F5DB}.Ad-Hoc|ARM.Deploy.0 = Release|Any CPU
		{9D4917A4-0106-44BF-97C1-D13606B5F5DB}.Ad-Hoc|iPhone.ActiveCfg = Release|Any CPU
		{9D4917A4-0106-44BF-97C1-D13606B5F5DB}.Ad-Hoc|iPhone.Build.0 = Release|Any CPU
		{9D4917A4-0106-44BF-97C1-D13606B5F5DB}.Ad-Hoc|iPhone.Deploy.0 = Release|Any CPU
		{9D4917A4-0106-44BF-97C1-D13606B5F5DB}.Ad-Hoc|iPhoneSimulator.ActiveCfg = Release|Any CPU
		{9D4917A4-0106-44BF-97C1-D13606B5F5DB}.Ad-Hoc|iPhoneSimulator.Build.0 = Release|Any CPU
		{9D4917A4-0106-44BF-97C1-D13606B5F5DB}.Ad-Hoc|iPhoneSimulator.Deploy.0 = Release|Any CPU
		{9D4917A4-0106-44BF-97C1-D13606B5F5DB}.Ad-Hoc|x64.ActiveCfg = Release|Any CPU
		{9D4917A4-0106-44BF-97C1-D13606B5F5DB}.Ad-Hoc|x64.Build.0 = Release|Any CPU
		{9D4917A4-0106-44BF-97C1-D13606B5F5DB}.Ad-Hoc|x64.Deploy.0 = Release|Any CPU
		{9D4917A4-0106-44BF-97C1-D13606B5F5DB}.Ad-Hoc|x86.ActiveCfg = Release|Any CPU
		{9D4917A4-0106-44BF-97C1-D13606B5F5DB}.Ad-Hoc|x86.Build.0 = Release|Any CPU
		{9D4917A4-0106-44BF-97C1-D13606B5F5DB}.Ad-Hoc|x86.Deploy.0 = Release|Any CPU
		{9D4917A4-0106-44BF-97C1-D13606B5F5DB}.AppStore|Any CPU.ActiveCfg = Release|Any CPU
		{9D4917A4-0106-44BF-97C1-D13606B5F5DB}.AppStore|Any CPU.Build.0 = Release|Any CPU
		{9D4917A4-0106-44BF-97C1-D13606B5F5DB}.AppStore|Any CPU.Deploy.0 = Release|Any CPU
		{9D4917A4-0106-44BF-97C1-D13606B5F5DB}.AppStore|ARM.ActiveCfg = Release|Any CPU
		{9D4917A4-0106-44BF-97C1-D13606B5F5DB}.AppStore|ARM.Build.0 = Release|Any CPU
		{9D4917A4-0106-44BF-97C1-D13606B5F5DB}.AppStore|ARM.Deploy.0 = Release|Any CPU
		{9D4917A4-0106-44BF-97C1-D13606B5F5DB}.AppStore|iPhone.ActiveCfg = Release|Any CPU
		{9D4917A4-0106-44BF-97C1-D13606B5F5DB}.AppStore|iPhone.Build.0 = Release|Any CPU
		{9D4917A4-0106-44BF-97C1-D13606B5F5DB}.AppStore|iPhone.Deploy.0 = Release|Any CPU
		{9D4917A4-0106-44BF-97C1-D13606B5F5DB}.AppStore|iPhoneSimulator.ActiveCfg = Release|Any CPU
		{9D4917A4-0106-44BF-97C1-D13606B5F5DB}.AppStore|iPhoneSimulator.Build.0 = Release|Any CPU
		{9D4917A4-0106-44BF-97C1-D13606B5F5DB}.AppStore|iPhoneSimulator.Deploy.0 = Release|Any CPU
		{9D4917A4-0106-44BF-97C1-D13606B5F5DB}.AppStore|x64.ActiveCfg = Release|Any CPU
		{9D4917A4-0106-44BF-97C1-D13606B5F5DB}.AppStore|x64.Build.0 = Release|Any CPU
		{9D4917A4-0106-44BF-97C1-D13606B5F5DB}.AppStore|x64.Deploy.0 = Release|Any CPU
		{9D4917A4-0106-44BF-97C1-D13606B5F5DB}.AppStore|x86.ActiveCfg = Release|Any CPU
		{9D4917A4-0106-44BF-97C1-D13606B5F5DB}.AppStore|x86.Build.0 = Release|Any CPU
		{9D4917A4-0106-44BF-97C1-D13606B5F5DB}.AppStore|x86.Deploy.0 = Release|Any CPU
		{9D4917A4-0106-44BF-97C1-D13606B5F5DB}.Debug|Any CPU.ActiveCfg = Debug|Any CPU
		{9D4917A4-0106-44BF-97C1-D13606B5F5DB}.Debug|Any CPU.Build.0 = Debug|Any CPU
		{9D4917A4-0106-44BF-97C1-D13606B5F5DB}.Debug|Any CPU.Deploy.0 = Debug|Any CPU
		{9D4917A4-0106-44BF-97C1-D13606B5F5DB}.Debug|ARM.ActiveCfg = Debug|Any CPU
		{9D4917A4-0106-44BF-97C1-D13606B5F5DB}.Debug|ARM.Build.0 = Debug|Any CPU
		{9D4917A4-0106-44BF-97C1-D13606B5F5DB}.Debug|ARM.Deploy.0 = Debug|Any CPU
		{9D4917A4-0106-44BF-97C1-D13606B5F5DB}.Debug|iPhone.ActiveCfg = Debug|Any CPU
		{9D4917A4-0106-44BF-97C1-D13606B5F5DB}.Debug|iPhone.Build.0 = Debug|Any CPU
		{9D4917A4-0106-44BF-97C1-D13606B5F5DB}.Debug|iPhone.Deploy.0 = Debug|Any CPU
		{9D4917A4-0106-44BF-97C1-D13606B5F5DB}.Debug|iPhoneSimulator.ActiveCfg = Debug|Any CPU
		{9D4917A4-0106-44BF-97C1-D13606B5F5DB}.Debug|iPhoneSimulator.Build.0 = Debug|Any CPU
		{9D4917A4-0106-44BF-97C1-D13606B5F5DB}.Debug|iPhoneSimulator.Deploy.0 = Debug|Any CPU
		{9D4917A4-0106-44BF-97C1-D13606B5F5DB}.Debug|x64.ActiveCfg = Debug|Any CPU
		{9D4917A4-0106-44BF-97C1-D13606B5F5DB}.Debug|x64.Build.0 = Debug|Any CPU
		{9D4917A4-0106-44BF-97C1-D13606B5F5DB}.Debug|x64.Deploy.0 = Debug|Any CPU
		{9D4917A4-0106-44BF-97C1-D13606B5F5DB}.Debug|x86.ActiveCfg = Debug|Any CPU
		{9D4917A4-0106-44BF-97C1-D13606B5F5DB}.Debug|x86.Build.0 = Debug|Any CPU
		{9D4917A4-0106-44BF-97C1-D13606B5F5DB}.Debug|x86.Deploy.0 = Debug|Any CPU
		{9D4917A4-0106-44BF-97C1-D13606B5F5DB}.Release|Any CPU.ActiveCfg = Release|Any CPU
		{9D4917A4-0106-44BF-97C1-D13606B5F5DB}.Release|Any CPU.Build.0 = Release|Any CPU
		{9D4917A4-0106-44BF-97C1-D13606B5F5DB}.Release|Any CPU.Deploy.0 = Release|Any CPU
		{9D4917A4-0106-44BF-97C1-D13606B5F5DB}.Release|ARM.ActiveCfg = Release|Any CPU
		{9D4917A4-0106-44BF-97C1-D13606B5F5DB}.Release|ARM.Build.0 = Release|Any CPU
		{9D4917A4-0106-44BF-97C1-D13606B5F5DB}.Release|ARM.Deploy.0 = Release|Any CPU
		{9D4917A4-0106-44BF-97C1-D13606B5F5DB}.Release|iPhone.ActiveCfg = Release|Any CPU
		{9D4917A4-0106-44BF-97C1-D13606B5F5DB}.Release|iPhone.Build.0 = Release|Any CPU
		{9D4917A4-0106-44BF-97C1-D13606B5F5DB}.Release|iPhone.Deploy.0 = Release|Any CPU
		{9D4917A4-0106-44BF-97C1-D13606B5F5DB}.Release|iPhoneSimulator.ActiveCfg = Release|Any CPU
		{9D4917A4-0106-44BF-97C1-D13606B5F5DB}.Release|iPhoneSimulator.Build.0 = Release|Any CPU
		{9D4917A4-0106-44BF-97C1-D13606B5F5DB}.Release|iPhoneSimulator.Deploy.0 = Release|Any CPU
		{9D4917A4-0106-44BF-97C1-D13606B5F5DB}.Release|x64.ActiveCfg = Release|Any CPU
		{9D4917A4-0106-44BF-97C1-D13606B5F5DB}.Release|x64.Build.0 = Release|Any CPU
		{9D4917A4-0106-44BF-97C1-D13606B5F5DB}.Release|x64.Deploy.0 = Release|Any CPU
		{9D4917A4-0106-44BF-97C1-D13606B5F5DB}.Release|x86.ActiveCfg = Release|Any CPU
		{9D4917A4-0106-44BF-97C1-D13606B5F5DB}.Release|x86.Build.0 = Release|Any CPU
		{9D4917A4-0106-44BF-97C1-D13606B5F5DB}.Release|x86.Deploy.0 = Release|Any CPU
		{D6C20459-0179-496D-96B7-7C2E33733DBE}.Ad-Hoc|Any CPU.ActiveCfg = Ad-Hoc|iPhone
		{D6C20459-0179-496D-96B7-7C2E33733DBE}.Ad-Hoc|ARM.ActiveCfg = Ad-Hoc|iPhone
		{D6C20459-0179-496D-96B7-7C2E33733DBE}.Ad-Hoc|iPhone.ActiveCfg = Ad-Hoc|iPhone
		{D6C20459-0179-496D-96B7-7C2E33733DBE}.Ad-Hoc|iPhone.Build.0 = Ad-Hoc|iPhone
		{D6C20459-0179-496D-96B7-7C2E33733DBE}.Ad-Hoc|iPhoneSimulator.ActiveCfg = Ad-Hoc|iPhoneSimulator
		{D6C20459-0179-496D-96B7-7C2E33733DBE}.Ad-Hoc|iPhoneSimulator.Build.0 = Ad-Hoc|iPhoneSimulator
		{D6C20459-0179-496D-96B7-7C2E33733DBE}.Ad-Hoc|x64.ActiveCfg = Ad-Hoc|iPhone
		{D6C20459-0179-496D-96B7-7C2E33733DBE}.Ad-Hoc|x86.ActiveCfg = Ad-Hoc|iPhone
		{D6C20459-0179-496D-96B7-7C2E33733DBE}.AppStore|Any CPU.ActiveCfg = AppStore|iPhone
		{D6C20459-0179-496D-96B7-7C2E33733DBE}.AppStore|ARM.ActiveCfg = AppStore|iPhone
		{D6C20459-0179-496D-96B7-7C2E33733DBE}.AppStore|iPhone.ActiveCfg = AppStore|iPhone
		{D6C20459-0179-496D-96B7-7C2E33733DBE}.AppStore|iPhone.Build.0 = AppStore|iPhone
		{D6C20459-0179-496D-96B7-7C2E33733DBE}.AppStore|iPhoneSimulator.ActiveCfg = AppStore|iPhoneSimulator
		{D6C20459-0179-496D-96B7-7C2E33733DBE}.AppStore|iPhoneSimulator.Build.0 = AppStore|iPhoneSimulator
		{D6C20459-0179-496D-96B7-7C2E33733DBE}.AppStore|x64.ActiveCfg = AppStore|iPhone
		{D6C20459-0179-496D-96B7-7C2E33733DBE}.AppStore|x86.ActiveCfg = AppStore|iPhone
		{D6C20459-0179-496D-96B7-7C2E33733DBE}.Debug|Any CPU.ActiveCfg = Debug|iPhone
		{D6C20459-0179-496D-96B7-7C2E33733DBE}.Debug|ARM.ActiveCfg = Debug|iPhone
		{D6C20459-0179-496D-96B7-7C2E33733DBE}.Debug|iPhone.ActiveCfg = Debug|iPhone
		{D6C20459-0179-496D-96B7-7C2E33733DBE}.Debug|iPhone.Build.0 = Debug|iPhone
		{D6C20459-0179-496D-96B7-7C2E33733DBE}.Debug|iPhoneSimulator.ActiveCfg = Debug|iPhoneSimulator
		{D6C20459-0179-496D-96B7-7C2E33733DBE}.Debug|iPhoneSimulator.Build.0 = Debug|iPhoneSimulator
		{D6C20459-0179-496D-96B7-7C2E33733DBE}.Debug|x64.ActiveCfg = Debug|iPhone
		{D6C20459-0179-496D-96B7-7C2E33733DBE}.Debug|x86.ActiveCfg = Debug|iPhone
		{D6C20459-0179-496D-96B7-7C2E33733DBE}.Release|Any CPU.ActiveCfg = Release|iPhone
		{D6C20459-0179-496D-96B7-7C2E33733DBE}.Release|ARM.ActiveCfg = Release|iPhone
		{D6C20459-0179-496D-96B7-7C2E33733DBE}.Release|iPhone.ActiveCfg = Release|iPhone
		{D6C20459-0179-496D-96B7-7C2E33733DBE}.Release|iPhone.Build.0 = Release|iPhone
		{D6C20459-0179-496D-96B7-7C2E33733DBE}.Release|iPhoneSimulator.ActiveCfg = Release|iPhoneSimulator
		{D6C20459-0179-496D-96B7-7C2E33733DBE}.Release|iPhoneSimulator.Build.0 = Release|iPhoneSimulator
		{D6C20459-0179-496D-96B7-7C2E33733DBE}.Release|x64.ActiveCfg = Release|iPhone
		{D6C20459-0179-496D-96B7-7C2E33733DBE}.Release|x86.ActiveCfg = Release|iPhone
		{C3EA3BD6-F90C-4765-B1A6-5D2988C4E7FF}.Ad-Hoc|Any CPU.ActiveCfg = Release|Any CPU
		{C3EA3BD6-F90C-4765-B1A6-5D2988C4E7FF}.Ad-Hoc|Any CPU.Build.0 = Release|Any CPU
		{C3EA3BD6-F90C-4765-B1A6-5D2988C4E7FF}.Ad-Hoc|Any CPU.Deploy.0 = Release|Any CPU
		{C3EA3BD6-F90C-4765-B1A6-5D2988C4E7FF}.Ad-Hoc|ARM.ActiveCfg = Release|ARM
		{C3EA3BD6-F90C-4765-B1A6-5D2988C4E7FF}.Ad-Hoc|ARM.Build.0 = Release|ARM
		{C3EA3BD6-F90C-4765-B1A6-5D2988C4E7FF}.Ad-Hoc|ARM.Deploy.0 = Release|ARM
		{C3EA3BD6-F90C-4765-B1A6-5D2988C4E7FF}.Ad-Hoc|iPhone.ActiveCfg = Release|Any CPU
		{C3EA3BD6-F90C-4765-B1A6-5D2988C4E7FF}.Ad-Hoc|iPhone.Build.0 = Release|Any CPU
		{C3EA3BD6-F90C-4765-B1A6-5D2988C4E7FF}.Ad-Hoc|iPhone.Deploy.0 = Release|Any CPU
		{C3EA3BD6-F90C-4765-B1A6-5D2988C4E7FF}.Ad-Hoc|iPhoneSimulator.ActiveCfg = Release|Any CPU
		{C3EA3BD6-F90C-4765-B1A6-5D2988C4E7FF}.Ad-Hoc|iPhoneSimulator.Build.0 = Release|Any CPU
		{C3EA3BD6-F90C-4765-B1A6-5D2988C4E7FF}.Ad-Hoc|iPhoneSimulator.Deploy.0 = Release|Any CPU
		{C3EA3BD6-F90C-4765-B1A6-5D2988C4E7FF}.Ad-Hoc|x64.ActiveCfg = Release|Any CPU
		{C3EA3BD6-F90C-4765-B1A6-5D2988C4E7FF}.Ad-Hoc|x64.Build.0 = Release|Any CPU
		{C3EA3BD6-F90C-4765-B1A6-5D2988C4E7FF}.Ad-Hoc|x64.Deploy.0 = Release|Any CPU
		{C3EA3BD6-F90C-4765-B1A6-5D2988C4E7FF}.Ad-Hoc|x86.ActiveCfg = Release|x86
		{C3EA3BD6-F90C-4765-B1A6-5D2988C4E7FF}.Ad-Hoc|x86.Build.0 = Release|x86
		{C3EA3BD6-F90C-4765-B1A6-5D2988C4E7FF}.Ad-Hoc|x86.Deploy.0 = Release|x86
		{C3EA3BD6-F90C-4765-B1A6-5D2988C4E7FF}.AppStore|Any CPU.ActiveCfg = Release|Any CPU
		{C3EA3BD6-F90C-4765-B1A6-5D2988C4E7FF}.AppStore|Any CPU.Build.0 = Release|Any CPU
		{C3EA3BD6-F90C-4765-B1A6-5D2988C4E7FF}.AppStore|Any CPU.Deploy.0 = Release|Any CPU
		{C3EA3BD6-F90C-4765-B1A6-5D2988C4E7FF}.AppStore|ARM.ActiveCfg = Release|ARM
		{C3EA3BD6-F90C-4765-B1A6-5D2988C4E7FF}.AppStore|ARM.Build.0 = Release|ARM
		{C3EA3BD6-F90C-4765-B1A6-5D2988C4E7FF}.AppStore|ARM.Deploy.0 = Release|ARM
		{C3EA3BD6-F90C-4765-B1A6-5D2988C4E7FF}.AppStore|iPhone.ActiveCfg = Release|Any CPU
		{C3EA3BD6-F90C-4765-B1A6-5D2988C4E7FF}.AppStore|iPhone.Build.0 = Release|Any CPU
		{C3EA3BD6-F90C-4765-B1A6-5D2988C4E7FF}.AppStore|iPhone.Deploy.0 = Release|Any CPU
		{C3EA3BD6-F90C-4765-B1A6-5D2988C4E7FF}.AppStore|iPhoneSimulator.ActiveCfg = Release|Any CPU
		{C3EA3BD6-F90C-4765-B1A6-5D2988C4E7FF}.AppStore|iPhoneSimulator.Build.0 = Release|Any CPU
		{C3EA3BD6-F90C-4765-B1A6-5D2988C4E7FF}.AppStore|iPhoneSimulator.Deploy.0 = Release|Any CPU
		{C3EA3BD6-F90C-4765-B1A6-5D2988C4E7FF}.AppStore|x64.ActiveCfg = Release|Any CPU
		{C3EA3BD6-F90C-4765-B1A6-5D2988C4E7FF}.AppStore|x64.Build.0 = Release|Any CPU
		{C3EA3BD6-F90C-4765-B1A6-5D2988C4E7FF}.AppStore|x64.Deploy.0 = Release|Any CPU
		{C3EA3BD6-F90C-4765-B1A6-5D2988C4E7FF}.AppStore|x86.ActiveCfg = Release|x86
		{C3EA3BD6-F90C-4765-B1A6-5D2988C4E7FF}.AppStore|x86.Build.0 = Release|x86
		{C3EA3BD6-F90C-4765-B1A6-5D2988C4E7FF}.AppStore|x86.Deploy.0 = Release|x86
		{C3EA3BD6-F90C-4765-B1A6-5D2988C4E7FF}.Debug|Any CPU.ActiveCfg = Debug|Any CPU
		{C3EA3BD6-F90C-4765-B1A6-5D2988C4E7FF}.Debug|Any CPU.Build.0 = Debug|Any CPU
		{C3EA3BD6-F90C-4765-B1A6-5D2988C4E7FF}.Debug|Any CPU.Deploy.0 = Debug|Any CPU
		{C3EA3BD6-F90C-4765-B1A6-5D2988C4E7FF}.Debug|ARM.ActiveCfg = Debug|ARM
		{C3EA3BD6-F90C-4765-B1A6-5D2988C4E7FF}.Debug|ARM.Build.0 = Debug|ARM
		{C3EA3BD6-F90C-4765-B1A6-5D2988C4E7FF}.Debug|ARM.Deploy.0 = Debug|ARM
		{C3EA3BD6-F90C-4765-B1A6-5D2988C4E7FF}.Debug|iPhone.ActiveCfg = Debug|Any CPU
		{C3EA3BD6-F90C-4765-B1A6-5D2988C4E7FF}.Debug|iPhone.Build.0 = Debug|Any CPU
		{C3EA3BD6-F90C-4765-B1A6-5D2988C4E7FF}.Debug|iPhone.Deploy.0 = Debug|Any CPU
		{C3EA3BD6-F90C-4765-B1A6-5D2988C4E7FF}.Debug|iPhoneSimulator.ActiveCfg = Debug|Any CPU
		{C3EA3BD6-F90C-4765-B1A6-5D2988C4E7FF}.Debug|iPhoneSimulator.Build.0 = Debug|Any CPU
		{C3EA3BD6-F90C-4765-B1A6-5D2988C4E7FF}.Debug|iPhoneSimulator.Deploy.0 = Debug|Any CPU
		{C3EA3BD6-F90C-4765-B1A6-5D2988C4E7FF}.Debug|x64.ActiveCfg = Debug|Any CPU
		{C3EA3BD6-F90C-4765-B1A6-5D2988C4E7FF}.Debug|x64.Build.0 = Debug|Any CPU
		{C3EA3BD6-F90C-4765-B1A6-5D2988C4E7FF}.Debug|x64.Deploy.0 = Debug|Any CPU
		{C3EA3BD6-F90C-4765-B1A6-5D2988C4E7FF}.Debug|x86.ActiveCfg = Debug|x86
		{C3EA3BD6-F90C-4765-B1A6-5D2988C4E7FF}.Debug|x86.Build.0 = Debug|x86
		{C3EA3BD6-F90C-4765-B1A6-5D2988C4E7FF}.Debug|x86.Deploy.0 = Debug|x86
		{C3EA3BD6-F90C-4765-B1A6-5D2988C4E7FF}.Release|Any CPU.ActiveCfg = Release|Any CPU
		{C3EA3BD6-F90C-4765-B1A6-5D2988C4E7FF}.Release|Any CPU.Build.0 = Release|Any CPU
		{C3EA3BD6-F90C-4765-B1A6-5D2988C4E7FF}.Release|Any CPU.Deploy.0 = Release|Any CPU
		{C3EA3BD6-F90C-4765-B1A6-5D2988C4E7FF}.Release|ARM.ActiveCfg = Release|ARM
		{C3EA3BD6-F90C-4765-B1A6-5D2988C4E7FF}.Release|ARM.Build.0 = Release|ARM
		{C3EA3BD6-F90C-4765-B1A6-5D2988C4E7FF}.Release|ARM.Deploy.0 = Release|ARM
		{C3EA3BD6-F90C-4765-B1A6-5D2988C4E7FF}.Release|iPhone.ActiveCfg = Release|Any CPU
		{C3EA3BD6-F90C-4765-B1A6-5D2988C4E7FF}.Release|iPhone.Build.0 = Release|Any CPU
		{C3EA3BD6-F90C-4765-B1A6-5D2988C4E7FF}.Release|iPhone.Deploy.0 = Release|Any CPU
		{C3EA3BD6-F90C-4765-B1A6-5D2988C4E7FF}.Release|iPhoneSimulator.ActiveCfg = Release|Any CPU
		{C3EA3BD6-F90C-4765-B1A6-5D2988C4E7FF}.Release|iPhoneSimulator.Build.0 = Release|Any CPU
		{C3EA3BD6-F90C-4765-B1A6-5D2988C4E7FF}.Release|iPhoneSimulator.Deploy.0 = Release|Any CPU
		{C3EA3BD6-F90C-4765-B1A6-5D2988C4E7FF}.Release|x64.ActiveCfg = Release|Any CPU
		{C3EA3BD6-F90C-4765-B1A6-5D2988C4E7FF}.Release|x64.Build.0 = Release|Any CPU
		{C3EA3BD6-F90C-4765-B1A6-5D2988C4E7FF}.Release|x64.Deploy.0 = Release|Any CPU
		{C3EA3BD6-F90C-4765-B1A6-5D2988C4E7FF}.Release|x86.ActiveCfg = Release|x86
		{C3EA3BD6-F90C-4765-B1A6-5D2988C4E7FF}.Release|x86.Build.0 = Release|x86
		{C3EA3BD6-F90C-4765-B1A6-5D2988C4E7FF}.Release|x86.Deploy.0 = Release|x86
		{71AB6CB1-F555-4F57-8D2D-6A5C3F7EBD8B}.Ad-Hoc|Any CPU.ActiveCfg = Release|x86
		{71AB6CB1-F555-4F57-8D2D-6A5C3F7EBD8B}.Ad-Hoc|Any CPU.Build.0 = Release|x86
		{71AB6CB1-F555-4F57-8D2D-6A5C3F7EBD8B}.Ad-Hoc|Any CPU.Deploy.0 = Release|x86
		{71AB6CB1-F555-4F57-8D2D-6A5C3F7EBD8B}.Ad-Hoc|ARM.ActiveCfg = Release|ARM
		{71AB6CB1-F555-4F57-8D2D-6A5C3F7EBD8B}.Ad-Hoc|ARM.Build.0 = Release|ARM
		{71AB6CB1-F555-4F57-8D2D-6A5C3F7EBD8B}.Ad-Hoc|ARM.Deploy.0 = Release|ARM
		{71AB6CB1-F555-4F57-8D2D-6A5C3F7EBD8B}.Ad-Hoc|iPhone.ActiveCfg = Release|x86
		{71AB6CB1-F555-4F57-8D2D-6A5C3F7EBD8B}.Ad-Hoc|iPhone.Build.0 = Release|x86
		{71AB6CB1-F555-4F57-8D2D-6A5C3F7EBD8B}.Ad-Hoc|iPhone.Deploy.0 = Release|x86
		{71AB6CB1-F555-4F57-8D2D-6A5C3F7EBD8B}.Ad-Hoc|iPhoneSimulator.ActiveCfg = Release|x86
		{71AB6CB1-F555-4F57-8D2D-6A5C3F7EBD8B}.Ad-Hoc|iPhoneSimulator.Build.0 = Release|x86
		{71AB6CB1-F555-4F57-8D2D-6A5C3F7EBD8B}.Ad-Hoc|iPhoneSimulator.Deploy.0 = Release|x86
		{71AB6CB1-F555-4F57-8D2D-6A5C3F7EBD8B}.Ad-Hoc|x64.ActiveCfg = Release|x64
		{71AB6CB1-F555-4F57-8D2D-6A5C3F7EBD8B}.Ad-Hoc|x64.Build.0 = Release|x64
		{71AB6CB1-F555-4F57-8D2D-6A5C3F7EBD8B}.Ad-Hoc|x64.Deploy.0 = Release|x64
		{71AB6CB1-F555-4F57-8D2D-6A5C3F7EBD8B}.Ad-Hoc|x86.ActiveCfg = Release|x86
		{71AB6CB1-F555-4F57-8D2D-6A5C3F7EBD8B}.Ad-Hoc|x86.Build.0 = Release|x86
		{71AB6CB1-F555-4F57-8D2D-6A5C3F7EBD8B}.Ad-Hoc|x86.Deploy.0 = Release|x86
		{71AB6CB1-F555-4F57-8D2D-6A5C3F7EBD8B}.AppStore|Any CPU.ActiveCfg = Release|x86
		{71AB6CB1-F555-4F57-8D2D-6A5C3F7EBD8B}.AppStore|Any CPU.Build.0 = Release|x86
		{71AB6CB1-F555-4F57-8D2D-6A5C3F7EBD8B}.AppStore|Any CPU.Deploy.0 = Release|x86
		{71AB6CB1-F555-4F57-8D2D-6A5C3F7EBD8B}.AppStore|ARM.ActiveCfg = Release|ARM
		{71AB6CB1-F555-4F57-8D2D-6A5C3F7EBD8B}.AppStore|ARM.Build.0 = Release|ARM
		{71AB6CB1-F555-4F57-8D2D-6A5C3F7EBD8B}.AppStore|ARM.Deploy.0 = Release|ARM
		{71AB6CB1-F555-4F57-8D2D-6A5C3F7EBD8B}.AppStore|iPhone.ActiveCfg = Release|x86
		{71AB6CB1-F555-4F57-8D2D-6A5C3F7EBD8B}.AppStore|iPhone.Build.0 = Release|x86
		{71AB6CB1-F555-4F57-8D2D-6A5C3F7EBD8B}.AppStore|iPhone.Deploy.0 = Release|x86
		{71AB6CB1-F555-4F57-8D2D-6A5C3F7EBD8B}.AppStore|iPhoneSimulator.ActiveCfg = Release|x86
		{71AB6CB1-F555-4F57-8D2D-6A5C3F7EBD8B}.AppStore|iPhoneSimulator.Build.0 = Release|x86
		{71AB6CB1-F555-4F57-8D2D-6A5C3F7EBD8B}.AppStore|iPhoneSimulator.Deploy.0 = Release|x86
		{71AB6CB1-F555-4F57-8D2D-6A5C3F7EBD8B}.AppStore|x64.ActiveCfg = Release|x64
		{71AB6CB1-F555-4F57-8D2D-6A5C3F7EBD8B}.AppStore|x64.Build.0 = Release|x64
		{71AB6CB1-F555-4F57-8D2D-6A5C3F7EBD8B}.AppStore|x64.Deploy.0 = Release|x64
		{71AB6CB1-F555-4F57-8D2D-6A5C3F7EBD8B}.AppStore|x86.ActiveCfg = Release|x86
		{71AB6CB1-F555-4F57-8D2D-6A5C3F7EBD8B}.AppStore|x86.Build.0 = Release|x86
		{71AB6CB1-F555-4F57-8D2D-6A5C3F7EBD8B}.AppStore|x86.Deploy.0 = Release|x86
		{71AB6CB1-F555-4F57-8D2D-6A5C3F7EBD8B}.Debug|Any CPU.ActiveCfg = Debug|x86
		{71AB6CB1-F555-4F57-8D2D-6A5C3F7EBD8B}.Debug|ARM.ActiveCfg = Debug|ARM
		{71AB6CB1-F555-4F57-8D2D-6A5C3F7EBD8B}.Debug|ARM.Build.0 = Debug|ARM
		{71AB6CB1-F555-4F57-8D2D-6A5C3F7EBD8B}.Debug|ARM.Deploy.0 = Debug|ARM
		{71AB6CB1-F555-4F57-8D2D-6A5C3F7EBD8B}.Debug|iPhone.ActiveCfg = Debug|x86
		{71AB6CB1-F555-4F57-8D2D-6A5C3F7EBD8B}.Debug|iPhoneSimulator.ActiveCfg = Debug|x86
		{71AB6CB1-F555-4F57-8D2D-6A5C3F7EBD8B}.Debug|x64.ActiveCfg = Debug|x64
		{71AB6CB1-F555-4F57-8D2D-6A5C3F7EBD8B}.Debug|x64.Build.0 = Debug|x64
		{71AB6CB1-F555-4F57-8D2D-6A5C3F7EBD8B}.Debug|x64.Deploy.0 = Debug|x64
		{71AB6CB1-F555-4F57-8D2D-6A5C3F7EBD8B}.Debug|x86.ActiveCfg = Debug|x86
		{71AB6CB1-F555-4F57-8D2D-6A5C3F7EBD8B}.Debug|x86.Build.0 = Debug|x86
		{71AB6CB1-F555-4F57-8D2D-6A5C3F7EBD8B}.Debug|x86.Deploy.0 = Debug|x86
		{71AB6CB1-F555-4F57-8D2D-6A5C3F7EBD8B}.Release|Any CPU.ActiveCfg = Release|x86
		{71AB6CB1-F555-4F57-8D2D-6A5C3F7EBD8B}.Release|ARM.ActiveCfg = Release|ARM
		{71AB6CB1-F555-4F57-8D2D-6A5C3F7EBD8B}.Release|ARM.Build.0 = Release|ARM
		{71AB6CB1-F555-4F57-8D2D-6A5C3F7EBD8B}.Release|ARM.Deploy.0 = Release|ARM
		{71AB6CB1-F555-4F57-8D2D-6A5C3F7EBD8B}.Release|iPhone.ActiveCfg = Release|x86
		{71AB6CB1-F555-4F57-8D2D-6A5C3F7EBD8B}.Release|iPhoneSimulator.ActiveCfg = Release|x86
		{71AB6CB1-F555-4F57-8D2D-6A5C3F7EBD8B}.Release|x64.ActiveCfg = Release|x64
		{71AB6CB1-F555-4F57-8D2D-6A5C3F7EBD8B}.Release|x64.Build.0 = Release|x64
		{71AB6CB1-F555-4F57-8D2D-6A5C3F7EBD8B}.Release|x64.Deploy.0 = Release|x64
		{71AB6CB1-F555-4F57-8D2D-6A5C3F7EBD8B}.Release|x86.ActiveCfg = Release|x86
		{71AB6CB1-F555-4F57-8D2D-6A5C3F7EBD8B}.Release|x86.Build.0 = Release|x86
		{71AB6CB1-F555-4F57-8D2D-6A5C3F7EBD8B}.Release|x86.Deploy.0 = Release|x86
		{37940BE0-92D0-4855-97C6-DFDC107E89EF}.Ad-Hoc|Any CPU.ActiveCfg = Release|Any CPU
		{37940BE0-92D0-4855-97C6-DFDC107E89EF}.Ad-Hoc|Any CPU.Build.0 = Release|Any CPU
		{37940BE0-92D0-4855-97C6-DFDC107E89EF}.Ad-Hoc|Any CPU.Deploy.0 = Release|Any CPU
		{37940BE0-92D0-4855-97C6-DFDC107E89EF}.Ad-Hoc|ARM.ActiveCfg = Release|ARM
		{37940BE0-92D0-4855-97C6-DFDC107E89EF}.Ad-Hoc|ARM.Build.0 = Release|ARM
		{37940BE0-92D0-4855-97C6-DFDC107E89EF}.Ad-Hoc|ARM.Deploy.0 = Release|ARM
		{37940BE0-92D0-4855-97C6-DFDC107E89EF}.Ad-Hoc|iPhone.ActiveCfg = Release|Any CPU
		{37940BE0-92D0-4855-97C6-DFDC107E89EF}.Ad-Hoc|iPhone.Build.0 = Release|Any CPU
		{37940BE0-92D0-4855-97C6-DFDC107E89EF}.Ad-Hoc|iPhone.Deploy.0 = Release|Any CPU
		{37940BE0-92D0-4855-97C6-DFDC107E89EF}.Ad-Hoc|iPhoneSimulator.ActiveCfg = Release|Any CPU
		{37940BE0-92D0-4855-97C6-DFDC107E89EF}.Ad-Hoc|iPhoneSimulator.Build.0 = Release|Any CPU
		{37940BE0-92D0-4855-97C6-DFDC107E89EF}.Ad-Hoc|iPhoneSimulator.Deploy.0 = Release|Any CPU
		{37940BE0-92D0-4855-97C6-DFDC107E89EF}.Ad-Hoc|x64.ActiveCfg = Release|x64
		{37940BE0-92D0-4855-97C6-DFDC107E89EF}.Ad-Hoc|x64.Build.0 = Release|x64
		{37940BE0-92D0-4855-97C6-DFDC107E89EF}.Ad-Hoc|x64.Deploy.0 = Release|x64
		{37940BE0-92D0-4855-97C6-DFDC107E89EF}.Ad-Hoc|x86.ActiveCfg = Release|x86
		{37940BE0-92D0-4855-97C6-DFDC107E89EF}.Ad-Hoc|x86.Build.0 = Release|x86
		{37940BE0-92D0-4855-97C6-DFDC107E89EF}.Ad-Hoc|x86.Deploy.0 = Release|x86
		{37940BE0-92D0-4855-97C6-DFDC107E89EF}.AppStore|Any CPU.ActiveCfg = Release|Any CPU
		{37940BE0-92D0-4855-97C6-DFDC107E89EF}.AppStore|Any CPU.Build.0 = Release|Any CPU
		{37940BE0-92D0-4855-97C6-DFDC107E89EF}.AppStore|Any CPU.Deploy.0 = Release|Any CPU
		{37940BE0-92D0-4855-97C6-DFDC107E89EF}.AppStore|ARM.ActiveCfg = Release|ARM
		{37940BE0-92D0-4855-97C6-DFDC107E89EF}.AppStore|ARM.Build.0 = Release|ARM
		{37940BE0-92D0-4855-97C6-DFDC107E89EF}.AppStore|ARM.Deploy.0 = Release|ARM
		{37940BE0-92D0-4855-97C6-DFDC107E89EF}.AppStore|iPhone.ActiveCfg = Release|Any CPU
		{37940BE0-92D0-4855-97C6-DFDC107E89EF}.AppStore|iPhone.Build.0 = Release|Any CPU
		{37940BE0-92D0-4855-97C6-DFDC107E89EF}.AppStore|iPhone.Deploy.0 = Release|Any CPU
		{37940BE0-92D0-4855-97C6-DFDC107E89EF}.AppStore|iPhoneSimulator.ActiveCfg = Release|Any CPU
		{37940BE0-92D0-4855-97C6-DFDC107E89EF}.AppStore|iPhoneSimulator.Build.0 = Release|Any CPU
		{37940BE0-92D0-4855-97C6-DFDC107E89EF}.AppStore|iPhoneSimulator.Deploy.0 = Release|Any CPU
		{37940BE0-92D0-4855-97C6-DFDC107E89EF}.AppStore|x64.ActiveCfg = Release|x64
		{37940BE0-92D0-4855-97C6-DFDC107E89EF}.AppStore|x64.Build.0 = Release|x64
		{37940BE0-92D0-4855-97C6-DFDC107E89EF}.AppStore|x64.Deploy.0 = Release|x64
		{37940BE0-92D0-4855-97C6-DFDC107E89EF}.AppStore|x86.ActiveCfg = Release|x86
		{37940BE0-92D0-4855-97C6-DFDC107E89EF}.AppStore|x86.Build.0 = Release|x86
		{37940BE0-92D0-4855-97C6-DFDC107E89EF}.AppStore|x86.Deploy.0 = Release|x86
		{37940BE0-92D0-4855-97C6-DFDC107E89EF}.Debug|Any CPU.ActiveCfg = Debug|Any CPU
		{37940BE0-92D0-4855-97C6-DFDC107E89EF}.Debug|Any CPU.Build.0 = Debug|Any CPU
		{37940BE0-92D0-4855-97C6-DFDC107E89EF}.Debug|Any CPU.Deploy.0 = Debug|Any CPU
		{37940BE0-92D0-4855-97C6-DFDC107E89EF}.Debug|ARM.ActiveCfg = Debug|ARM
		{37940BE0-92D0-4855-97C6-DFDC107E89EF}.Debug|ARM.Build.0 = Debug|ARM
		{37940BE0-92D0-4855-97C6-DFDC107E89EF}.Debug|ARM.Deploy.0 = Debug|ARM
		{37940BE0-92D0-4855-97C6-DFDC107E89EF}.Debug|iPhone.ActiveCfg = Debug|Any CPU
		{37940BE0-92D0-4855-97C6-DFDC107E89EF}.Debug|iPhone.Build.0 = Debug|Any CPU
		{37940BE0-92D0-4855-97C6-DFDC107E89EF}.Debug|iPhone.Deploy.0 = Debug|Any CPU
		{37940BE0-92D0-4855-97C6-DFDC107E89EF}.Debug|iPhoneSimulator.ActiveCfg = Debug|Any CPU
		{37940BE0-92D0-4855-97C6-DFDC107E89EF}.Debug|iPhoneSimulator.Build.0 = Debug|Any CPU
		{37940BE0-92D0-4855-97C6-DFDC107E89EF}.Debug|iPhoneSimulator.Deploy.0 = Debug|Any CPU
		{37940BE0-92D0-4855-97C6-DFDC107E89EF}.Debug|x64.ActiveCfg = Debug|x64
		{37940BE0-92D0-4855-97C6-DFDC107E89EF}.Debug|x64.Build.0 = Debug|x64
		{37940BE0-92D0-4855-97C6-DFDC107E89EF}.Debug|x64.Deploy.0 = Debug|x64
		{37940BE0-92D0-4855-97C6-DFDC107E89EF}.Debug|x86.ActiveCfg = Debug|x86
		{37940BE0-92D0-4855-97C6-DFDC107E89EF}.Debug|x86.Build.0 = Debug|x86
		{37940BE0-92D0-4855-97C6-DFDC107E89EF}.Debug|x86.Deploy.0 = Debug|x86
		{37940BE0-92D0-4855-97C6-DFDC107E89EF}.Release|Any CPU.ActiveCfg = Release|Any CPU
		{37940BE0-92D0-4855-97C6-DFDC107E89EF}.Release|Any CPU.Build.0 = Release|Any CPU
		{37940BE0-92D0-4855-97C6-DFDC107E89EF}.Release|Any CPU.Deploy.0 = Release|Any CPU
		{37940BE0-92D0-4855-97C6-DFDC107E89EF}.Release|ARM.ActiveCfg = Release|ARM
		{37940BE0-92D0-4855-97C6-DFDC107E89EF}.Release|ARM.Build.0 = Release|ARM
		{37940BE0-92D0-4855-97C6-DFDC107E89EF}.Release|ARM.Deploy.0 = Release|ARM
		{37940BE0-92D0-4855-97C6-DFDC107E89EF}.Release|iPhone.ActiveCfg = Release|Any CPU
		{37940BE0-92D0-4855-97C6-DFDC107E89EF}.Release|iPhone.Build.0 = Release|Any CPU
		{37940BE0-92D0-4855-97C6-DFDC107E89EF}.Release|iPhone.Deploy.0 = Release|Any CPU
		{37940BE0-92D0-4855-97C6-DFDC107E89EF}.Release|iPhoneSimulator.ActiveCfg = Release|Any CPU
		{37940BE0-92D0-4855-97C6-DFDC107E89EF}.Release|iPhoneSimulator.Build.0 = Release|Any CPU
		{37940BE0-92D0-4855-97C6-DFDC107E89EF}.Release|iPhoneSimulator.Deploy.0 = Release|Any CPU
		{37940BE0-92D0-4855-97C6-DFDC107E89EF}.Release|x64.ActiveCfg = Release|x64
		{37940BE0-92D0-4855-97C6-DFDC107E89EF}.Release|x64.Build.0 = Release|x64
		{37940BE0-92D0-4855-97C6-DFDC107E89EF}.Release|x64.Deploy.0 = Release|x64
		{37940BE0-92D0-4855-97C6-DFDC107E89EF}.Release|x86.ActiveCfg = Release|x86
		{37940BE0-92D0-4855-97C6-DFDC107E89EF}.Release|x86.Build.0 = Release|x86
		{37940BE0-92D0-4855-97C6-DFDC107E89EF}.Release|x86.Deploy.0 = Release|x86
		{DF23E754-1D81-431B-8FDD-CDC74D632928}.Ad-Hoc|Any CPU.ActiveCfg = Release|Any CPU
		{DF23E754-1D81-431B-8FDD-CDC74D632928}.Ad-Hoc|Any CPU.Build.0 = Release|Any CPU
		{DF23E754-1D81-431B-8FDD-CDC74D632928}.Ad-Hoc|ARM.ActiveCfg = Release|Any CPU
		{DF23E754-1D81-431B-8FDD-CDC74D632928}.Ad-Hoc|ARM.Build.0 = Release|Any CPU
		{DF23E754-1D81-431B-8FDD-CDC74D632928}.Ad-Hoc|iPhone.ActiveCfg = Release|Any CPU
		{DF23E754-1D81-431B-8FDD-CDC74D632928}.Ad-Hoc|iPhone.Build.0 = Release|Any CPU
		{DF23E754-1D81-431B-8FDD-CDC74D632928}.Ad-Hoc|iPhoneSimulator.ActiveCfg = Release|Any CPU
		{DF23E754-1D81-431B-8FDD-CDC74D632928}.Ad-Hoc|iPhoneSimulator.Build.0 = Release|Any CPU
		{DF23E754-1D81-431B-8FDD-CDC74D632928}.Ad-Hoc|x64.ActiveCfg = Release|Any CPU
		{DF23E754-1D81-431B-8FDD-CDC74D632928}.Ad-Hoc|x64.Build.0 = Release|Any CPU
		{DF23E754-1D81-431B-8FDD-CDC74D632928}.Ad-Hoc|x86.ActiveCfg = Release|Any CPU
		{DF23E754-1D81-431B-8FDD-CDC74D632928}.Ad-Hoc|x86.Build.0 = Release|Any CPU
		{DF23E754-1D81-431B-8FDD-CDC74D632928}.AppStore|Any CPU.ActiveCfg = Release|Any CPU
		{DF23E754-1D81-431B-8FDD-CDC74D632928}.AppStore|Any CPU.Build.0 = Release|Any CPU
		{DF23E754-1D81-431B-8FDD-CDC74D632928}.AppStore|ARM.ActiveCfg = Release|Any CPU
		{DF23E754-1D81-431B-8FDD-CDC74D632928}.AppStore|ARM.Build.0 = Release|Any CPU
		{DF23E754-1D81-431B-8FDD-CDC74D632928}.AppStore|iPhone.ActiveCfg = Release|Any CPU
		{DF23E754-1D81-431B-8FDD-CDC74D632928}.AppStore|iPhone.Build.0 = Release|Any CPU
		{DF23E754-1D81-431B-8FDD-CDC74D632928}.AppStore|iPhoneSimulator.ActiveCfg = Release|Any CPU
		{DF23E754-1D81-431B-8FDD-CDC74D632928}.AppStore|iPhoneSimulator.Build.0 = Release|Any CPU
		{DF23E754-1D81-431B-8FDD-CDC74D632928}.AppStore|x64.ActiveCfg = Release|Any CPU
		{DF23E754-1D81-431B-8FDD-CDC74D632928}.AppStore|x64.Build.0 = Release|Any CPU
		{DF23E754-1D81-431B-8FDD-CDC74D632928}.AppStore|x86.ActiveCfg = Release|Any CPU
		{DF23E754-1D81-431B-8FDD-CDC74D632928}.AppStore|x86.Build.0 = Release|Any CPU
		{DF23E754-1D81-431B-8FDD-CDC74D632928}.Debug|Any CPU.ActiveCfg = Debug|Any CPU
		{DF23E754-1D81-431B-8FDD-CDC74D632928}.Debug|Any CPU.Build.0 = Debug|Any CPU
		{DF23E754-1D81-431B-8FDD-CDC74D632928}.Debug|ARM.ActiveCfg = Debug|Any CPU
		{DF23E754-1D81-431B-8FDD-CDC74D632928}.Debug|ARM.Build.0 = Debug|Any CPU
		{DF23E754-1D81-431B-8FDD-CDC74D632928}.Debug|iPhone.ActiveCfg = Debug|Any CPU
		{DF23E754-1D81-431B-8FDD-CDC74D632928}.Debug|iPhone.Build.0 = Debug|Any CPU
		{DF23E754-1D81-431B-8FDD-CDC74D632928}.Debug|iPhoneSimulator.ActiveCfg = Debug|Any CPU
		{DF23E754-1D81-431B-8FDD-CDC74D632928}.Debug|iPhoneSimulator.Build.0 = Debug|Any CPU
		{DF23E754-1D81-431B-8FDD-CDC74D632928}.Debug|x64.ActiveCfg = Debug|Any CPU
		{DF23E754-1D81-431B-8FDD-CDC74D632928}.Debug|x64.Build.0 = Debug|Any CPU
		{DF23E754-1D81-431B-8FDD-CDC74D632928}.Debug|x86.ActiveCfg = Debug|Any CPU
		{DF23E754-1D81-431B-8FDD-CDC74D632928}.Debug|x86.Build.0 = Debug|Any CPU
		{DF23E754-1D81-431B-8FDD-CDC74D632928}.Release|Any CPU.ActiveCfg = Release|Any CPU
		{DF23E754-1D81-431B-8FDD-CDC74D632928}.Release|Any CPU.Build.0 = Release|Any CPU
		{DF23E754-1D81-431B-8FDD-CDC74D632928}.Release|ARM.ActiveCfg = Release|Any CPU
		{DF23E754-1D81-431B-8FDD-CDC74D632928}.Release|ARM.Build.0 = Release|Any CPU
		{DF23E754-1D81-431B-8FDD-CDC74D632928}.Release|iPhone.ActiveCfg = Release|Any CPU
		{DF23E754-1D81-431B-8FDD-CDC74D632928}.Release|iPhone.Build.0 = Release|Any CPU
		{DF23E754-1D81-431B-8FDD-CDC74D632928}.Release|iPhoneSimulator.ActiveCfg = Release|Any CPU
		{DF23E754-1D81-431B-8FDD-CDC74D632928}.Release|iPhoneSimulator.Build.0 = Release|Any CPU
		{DF23E754-1D81-431B-8FDD-CDC74D632928}.Release|x64.ActiveCfg = Release|Any CPU
		{DF23E754-1D81-431B-8FDD-CDC74D632928}.Release|x64.Build.0 = Release|Any CPU
		{DF23E754-1D81-431B-8FDD-CDC74D632928}.Release|x86.ActiveCfg = Release|Any CPU
		{DF23E754-1D81-431B-8FDD-CDC74D632928}.Release|x86.Build.0 = Release|Any CPU
	EndGlobalSection
	GlobalSection(SolutionProperties) = preSolution
		HideSolutionNode = FALSE
	EndGlobalSection
EndGlobal
